
Microsoft Visual Studio Solution File, Format Version 12.00
# Visual Studio 15
VisualStudioVersion = 15.0.28010.2016
MinimumVisualStudioVersion = 10.0.40219.1
Project("{FAE04EC0-301F-11D3-BF4B-00C04F79EFBC}") = "SortingAlgorithmsActivity1", "BubbleSort\SortingAlgorithmsActivity1.csproj", "{7ADF36EC-DF50-472D-9C30-06EFB0100960}"
EndProject
Global
	GlobalSection(SolutionConfigurationPlatforms) = preSolution
		Debug|Any CPU = Debug|Any CPU
		Release|Any CPU = Release|Any CPU
	EndGlobalSection
	GlobalSection(ProjectConfigurationPlatforms) = postSolution
		{7ADF36EC-DF50-472D-9C30-06EFB0100960}.Debug|Any CPU.ActiveCfg = Debug|Any CPU
		{7ADF36EC-DF50-472D-9C30-06EFB0100960}.Debug|Any CPU.Build.0 = Debug|Any CPU
		{7ADF36EC-DF50-472D-9C30-06EFB0100960}.Release|Any CPU.ActiveCfg = Release|Any CPU
		{7ADF36EC-DF50-472D-9C30-06EFB0100960}.Release|Any CPU.Build.0 = Release|Any CPU
	EndGlobalSection
	GlobalSection(SolutionProperties) = preSolution
		HideSolutionNode = FALSE
	EndGlobalSection
	GlobalSection(ExtensibilityGlobals) = postSolution
		SolutionGuid = {FECB6C95-E50C-4D35-B5AC-AB8D48EA0217}
	EndGlobalSection
EndGlobal
